// !$*UTF8*$!
{
	archiveVersion = 1;
	classes = {
	};
	objectVersion = 56;
	objects = {

/* Begin PBXBuildFile section */
		7C32A57C2C1F86E100283093 /* PreviewProvider.swift in Sources */ = {isa = PBXBuildFile; fileRef = 7C32A57B2C1F86E100283093 /* PreviewProvider.swift */; };
		7C32A58F2C2079AB00283093 /* ImageUploader.swift in Sources */ = {isa = PBXBuildFile; fileRef = 7C32A58E2C2079AB00283093 /* ImageUploader.swift */; };
		7C32A5952C20877000283093 /* ThreadService.swift in Sources */ = {isa = PBXBuildFile; fileRef = 7C32A5942C20877000283093 /* ThreadService.swift */; };
		7C32A5A12C208BD600283093 /* Timestamp.swift in Sources */ = {isa = PBXBuildFile; fileRef = 7C32A5A02C208BD600283093 /* Timestamp.swift */; };
		7C32A5A32C208C6300283093 /* Color.swift in Sources */ = {isa = PBXBuildFile; fileRef = 7C32A5A22C208C6300283093 /* Color.swift */; };
		7C32A5FF2C20925700283093 /* ContentViewModel.swift in Sources */ = {isa = PBXBuildFile; fileRef = 7C32A5BF2C20925300283093 /* ContentViewModel.swift */; };
		7C32A6002C20925700283093 /* ContentView.swift in Sources */ = {isa = PBXBuildFile; fileRef = 7C32A5C12C20925300283093 /* ContentView.swift */; };
		7C32A6012C20925700283093 /* ThreadCell.swift in Sources */ = {isa = PBXBuildFile; fileRef = 7C32A5C52C20925400283093 /* ThreadCell.swift */; };
		7C32A6022C20925700283093 /* ContentActionButtonView.swift in Sources */ = {isa = PBXBuildFile; fileRef = 7C32A5C62C20925400283093 /* ContentActionButtonView.swift */; };
		7C32A6032C20925700283093 /* UserListView.swift in Sources */ = {isa = PBXBuildFile; fileRef = 7C32A5C82C20925400283093 /* UserListView.swift */; };
		7C32A6042C20925700283093 /* UserCell.swift in Sources */ = {isa = PBXBuildFile; fileRef = 7C32A5C92C20925400283093 /* UserCell.swift */; };
		7C32A6052C20925700283093 /* CircularProfileImageView.swift in Sources */ = {isa = PBXBuildFile; fileRef = 7C32A5CA2C20925400283093 /* CircularProfileImageView.swift */; };
		7C32A6062C20925700283093 /* ExploreViewModel.swift in Sources */ = {isa = PBXBuildFile; fileRef = 7C32A5CD2C20925400283093 /* ExploreViewModel.swift */; };
		7C32A6072C20925700283093 /* ExploreView.swift in Sources */ = {isa = PBXBuildFile; fileRef = 7C32A5CF2C20925400283093 /* ExploreView.swift */; };
		7C32A6082C20925700283093 /* EditProfileView.swift in Sources */ = {isa = PBXBuildFile; fileRef = 7C32A5D32C20925500283093 /* EditProfileView.swift */; };
		7C32A6092C20925700283093 /* CurrentUserProfileViewModel.swift in Sources */ = {isa = PBXBuildFile; fileRef = 7C32A5D62C20925500283093 /* CurrentUserProfileViewModel.swift */; };
		7C32A60A2C20925700283093 /* CurrentUserProfileView.swift in Sources */ = {isa = PBXBuildFile; fileRef = 7C32A5D82C20925500283093 /* CurrentUserProfileView.swift */; };
		7C32A60B2C20925700283093 /* CurrentUserProfileContentView.swift in Sources */ = {isa = PBXBuildFile; fileRef = 7C32A5D92C20925500283093 /* CurrentUserProfileContentView.swift */; };
		7C32A60C2C20925700283093 /* ProfileThreadFilterViewModel.swift in Sources */ = {isa = PBXBuildFile; fileRef = 7C32A5DB2C20925500283093 /* ProfileThreadFilterViewModel.swift */; };
		7C32A60D2C20925700283093 /* UserContentListViewModel.swift in Sources */ = {isa = PBXBuildFile; fileRef = 7C32A5DE2C20925500283093 /* UserContentListViewModel.swift */; };
		7C32A60E2C20925700283093 /* UserContentListView.swift in Sources */ = {isa = PBXBuildFile; fileRef = 7C32A5E02C20925500283093 /* UserContentListView.swift */; };
		7C32A60F2C20925700283093 /* ProfileHeaderView.swift in Sources */ = {isa = PBXBuildFile; fileRef = 7C32A5E12C20925500283093 /* ProfileHeaderView.swift */; };
		7C32A6102C20925700283093 /* UserProfileViewModel.swift in Sources */ = {isa = PBXBuildFile; fileRef = 7C32A5E42C20925500283093 /* UserProfileViewModel.swift */; };
		7C32A6112C20925700283093 /* ProfileView.swift in Sources */ = {isa = PBXBuildFile; fileRef = 7C32A5E62C20925500283093 /* ProfileView.swift */; };
		7C32A6122C20925700283093 /* LoginViewModel.swift in Sources */ = {isa = PBXBuildFile; fileRef = 7C32A5E92C20925500283093 /* LoginViewModel.swift */; };
		7C32A6132C20925700283093 /* ForgotPasswordViewModel.swift in Sources */ = {isa = PBXBuildFile; fileRef = 7C32A5EA2C20925500283093 /* ForgotPasswordViewModel.swift */; };
		7C32A6142C20925700283093 /* RegistrationViewModel.swift in Sources */ = {isa = PBXBuildFile; fileRef = 7C32A5EB2C20925500283093 /* RegistrationViewModel.swift */; };
		7C32A6152C20925700283093 /* RegistrationView.swift in Sources */ = {isa = PBXBuildFile; fileRef = 7C32A5ED2C20925500283093 /* RegistrationView.swift */; };
		7C32A6162C20925700283093 /* LoginView.swift in Sources */ = {isa = PBXBuildFile; fileRef = 7C32A5EE2C20925500283093 /* LoginView.swift */; };
		7C32A6172C20925700283093 /* ForgotPasswordView.swift in Sources */ = {isa = PBXBuildFile; fileRef = 7C32A5EF2C20925500283093 /* ForgotPasswordView.swift */; };
		7C32A6182C20925700283093 /* AuthService.swift in Sources */ = {isa = PBXBuildFile; fileRef = 7C32A5F12C20925500283093 /* AuthService.swift */; };
		7C32A6192C20925700283093 /* FeedViewModel.swift in Sources */ = {isa = PBXBuildFile; fileRef = 7C32A5F42C20925600283093 /* FeedViewModel.swift */; };
		7C32A61A2C20925700283093 /* FeedView.swift in Sources */ = {isa = PBXBuildFile; fileRef = 7C32A5F62C20925600283093 /* FeedView.swift */; };
		7C32A61B2C20925700283093 /* ThreadsTabView.swift in Sources */ = {isa = PBXBuildFile; fileRef = 7C32A5F82C20925600283093 /* ThreadsTabView.swift */; };
		7C32A61C2C20925700283093 /* CreateThreadViewModel.swift in Sources */ = {isa = PBXBuildFile; fileRef = 7C32A5FB2C20925700283093 /* CreateThreadViewModel.swift */; };
		7C32A61D2C20925700283093 /* CreateThreadView.swift in Sources */ = {isa = PBXBuildFile; fileRef = 7C32A5FD2C20925700283093 /* CreateThreadView.swift */; };
		7C32A61E2C20925700283093 /* CreateThreadDummyView.swift in Sources */ = {isa = PBXBuildFile; fileRef = 7C32A5FE2C20925700283093 /* CreateThreadDummyView.swift */; };
		7C32A6212C20928C00283093 /* Thread.swift in Sources */ = {isa = PBXBuildFile; fileRef = 7C32A61F2C20928B00283093 /* Thread.swift */; };
		7C32A6222C20928C00283093 /* User.swift in Sources */ = {isa = PBXBuildFile; fileRef = 7C32A6202C20928B00283093 /* User.swift */; };
		7C32A6282C2092B700283093 /* FirestoreConstants.swift in Sources */ = {isa = PBXBuildFile; fileRef = 7C32A6242C2092B600283093 /* FirestoreConstants.swift */; };
		7C32A6292C2092B700283093 /* ThreadsTextFieldModifier.swift in Sources */ = {isa = PBXBuildFile; fileRef = 7C32A6262C2092B700283093 /* ThreadsTextFieldModifier.swift */; };
		7C32A62A2C2092B700283093 /* ThreadsButtonModifier.swift in Sources */ = {isa = PBXBuildFile; fileRef = 7C32A6272C2092B700283093 /* ThreadsButtonModifier.swift */; };
		7C32A62D2C2093F400283093 /* Kingfisher in Frameworks */ = {isa = PBXBuildFile; productRef = 7C32A62C2C2093F400283093 /* Kingfisher */; };
		7CAD32322C1B65FF00E9B2A6 /* StacksThreadsApp.swift in Sources */ = {isa = PBXBuildFile; fileRef = 7CAD32312C1B65FF00E9B2A6 /* StacksThreadsApp.swift */; };
		7CAD32362C1B660500E9B2A6 /* Assets.xcassets in Resources */ = {isa = PBXBuildFile; fileRef = 7CAD32352C1B660500E9B2A6 /* Assets.xcassets */; };
		7CAD32392C1B660500E9B2A6 /* Preview Assets.xcassets in Resources */ = {isa = PBXBuildFile; fileRef = 7CAD32382C1B660500E9B2A6 /* Preview Assets.xcassets */; };
		7CAD32722C1D514A00E9B2A6 /* GoogleService-Info.plist in Resources */ = {isa = PBXBuildFile; fileRef = 7CAD32712C1D514A00E9B2A6 /* GoogleService-Info.plist */; };
		7CAD32752C1D52F300E9B2A6 /* FirebaseAnalytics in Frameworks */ = {isa = PBXBuildFile; productRef = 7CAD32742C1D52F300E9B2A6 /* FirebaseAnalytics */; };
		7CAD32772C1D52F300E9B2A6 /* FirebaseAnalyticsOnDeviceConversion in Frameworks */ = {isa = PBXBuildFile; productRef = 7CAD32762C1D52F300E9B2A6 /* FirebaseAnalyticsOnDeviceConversion */; };
		7CAD32792C1D52F300E9B2A6 /* FirebaseAnalyticsSwift in Frameworks */ = {isa = PBXBuildFile; productRef = 7CAD32782C1D52F300E9B2A6 /* FirebaseAnalyticsSwift */; };
		7CAD327B2C1D52F300E9B2A6 /* FirebaseAnalyticsWithoutAdIdSupport in Frameworks */ = {isa = PBXBuildFile; productRef = 7CAD327A2C1D52F300E9B2A6 /* FirebaseAnalyticsWithoutAdIdSupport */; };
		7CAD327D2C1D52F300E9B2A6 /* FirebaseAppCheck in Frameworks */ = {isa = PBXBuildFile; productRef = 7CAD327C2C1D52F300E9B2A6 /* FirebaseAppCheck */; };
		7CAD327F2C1D52F300E9B2A6 /* FirebaseAppDistribution-Beta in Frameworks */ = {isa = PBXBuildFile; productRef = 7CAD327E2C1D52F300E9B2A6 /* FirebaseAppDistribution-Beta */; };
		7CAD32812C1D52F300E9B2A6 /* FirebaseAuth in Frameworks */ = {isa = PBXBuildFile; productRef = 7CAD32802C1D52F300E9B2A6 /* FirebaseAuth */; };
		7CAD32832C1D52F300E9B2A6 /* FirebaseAuthCombine-Community in Frameworks */ = {isa = PBXBuildFile; productRef = 7CAD32822C1D52F300E9B2A6 /* FirebaseAuthCombine-Community */; };
		7CAD32852C1D52F300E9B2A6 /* FirebaseCrashlytics in Frameworks */ = {isa = PBXBuildFile; productRef = 7CAD32842C1D52F300E9B2A6 /* FirebaseCrashlytics */; };
		7CAD32872C1D52F300E9B2A6 /* FirebaseDatabase in Frameworks */ = {isa = PBXBuildFile; productRef = 7CAD32862C1D52F300E9B2A6 /* FirebaseDatabase */; };
		7CAD32892C1D52F300E9B2A6 /* FirebaseDatabaseSwift in Frameworks */ = {isa = PBXBuildFile; productRef = 7CAD32882C1D52F300E9B2A6 /* FirebaseDatabaseSwift */; };
		7CAD328B2C1D52F300E9B2A6 /* FirebaseDynamicLinks in Frameworks */ = {isa = PBXBuildFile; productRef = 7CAD328A2C1D52F300E9B2A6 /* FirebaseDynamicLinks */; };
		7CAD328D2C1D52F300E9B2A6 /* FirebaseFirestore in Frameworks */ = {isa = PBXBuildFile; productRef = 7CAD328C2C1D52F300E9B2A6 /* FirebaseFirestore */; };
		7CAD328F2C1D52F300E9B2A6 /* FirebaseFirestoreCombine-Community in Frameworks */ = {isa = PBXBuildFile; productRef = 7CAD328E2C1D52F300E9B2A6 /* FirebaseFirestoreCombine-Community */; };
		7CAD32912C1D52F300E9B2A6 /* FirebaseFirestoreSwift in Frameworks */ = {isa = PBXBuildFile; productRef = 7CAD32902C1D52F300E9B2A6 /* FirebaseFirestoreSwift */; };
		7CAD32932C1D52F300E9B2A6 /* FirebaseFunctions in Frameworks */ = {isa = PBXBuildFile; productRef = 7CAD32922C1D52F300E9B2A6 /* FirebaseFunctions */; };
		7CAD32952C1D52F300E9B2A6 /* FirebaseFunctionsCombine-Community in Frameworks */ = {isa = PBXBuildFile; productRef = 7CAD32942C1D52F300E9B2A6 /* FirebaseFunctionsCombine-Community */; };
		7CAD32972C1D52F300E9B2A6 /* FirebaseInAppMessaging-Beta in Frameworks */ = {isa = PBXBuildFile; productRef = 7CAD32962C1D52F300E9B2A6 /* FirebaseInAppMessaging-Beta */; };
		7CAD32992C1D52F300E9B2A6 /* FirebaseInAppMessagingSwift-Beta in Frameworks */ = {isa = PBXBuildFile; productRef = 7CAD32982C1D52F300E9B2A6 /* FirebaseInAppMessagingSwift-Beta */; };
		7CAD329B2C1D52F300E9B2A6 /* FirebaseInstallations in Frameworks */ = {isa = PBXBuildFile; productRef = 7CAD329A2C1D52F300E9B2A6 /* FirebaseInstallations */; };
		7CAD329D2C1D52F300E9B2A6 /* FirebaseMLModelDownloader in Frameworks */ = {isa = PBXBuildFile; productRef = 7CAD329C2C1D52F300E9B2A6 /* FirebaseMLModelDownloader */; };
		7CAD329F2C1D52F300E9B2A6 /* FirebaseMessaging in Frameworks */ = {isa = PBXBuildFile; productRef = 7CAD329E2C1D52F300E9B2A6 /* FirebaseMessaging */; };
		7CAD32A12C1D52F300E9B2A6 /* FirebasePerformance in Frameworks */ = {isa = PBXBuildFile; productRef = 7CAD32A02C1D52F300E9B2A6 /* FirebasePerformance */; };
		7CAD32A32C1D52F300E9B2A6 /* FirebaseRemoteConfig in Frameworks */ = {isa = PBXBuildFile; productRef = 7CAD32A22C1D52F300E9B2A6 /* FirebaseRemoteConfig */; };
		7CAD32A52C1D52F300E9B2A6 /* FirebaseRemoteConfigSwift in Frameworks */ = {isa = PBXBuildFile; productRef = 7CAD32A42C1D52F300E9B2A6 /* FirebaseRemoteConfigSwift */; };
		7CAD32A72C1D52F300E9B2A6 /* FirebaseStorage in Frameworks */ = {isa = PBXBuildFile; productRef = 7CAD32A62C1D52F300E9B2A6 /* FirebaseStorage */; };
		7CAD32A92C1D52F300E9B2A6 /* FirebaseStorageCombine-Community in Frameworks */ = {isa = PBXBuildFile; productRef = 7CAD32A82C1D52F300E9B2A6 /* FirebaseStorageCombine-Community */; };
		7CAD32AB2C1D52F300E9B2A6 /* FirebaseVertexAI-Preview in Frameworks */ = {isa = PBXBuildFile; productRef = 7CAD32AA2C1D52F300E9B2A6 /* FirebaseVertexAI-Preview */; };
		7CAD32BB2C1D900100E9B2A6 /* UserService.swift in Sources */ = {isa = PBXBuildFile; fileRef = 7CAD32BA2C1D900100E9B2A6 /* UserService.swift */; };
/* End PBXBuildFile section */

/* Begin PBXFileReference section */
		7C32A57B2C1F86E100283093 /* PreviewProvider.swift */ = {isa = PBXFileReference; lastKnownFileType = sourcecode.swift; path = PreviewProvider.swift; sourceTree = "<group>"; };
		7C32A58E2C2079AB00283093 /* ImageUploader.swift */ = {isa = PBXFileReference; lastKnownFileType = sourcecode.swift; path = ImageUploader.swift; sourceTree = "<group>"; };
		7C32A5942C20877000283093 /* ThreadService.swift */ = {isa = PBXFileReference; lastKnownFileType = sourcecode.swift; path = ThreadService.swift; sourceTree = "<group>"; };
		7C32A5A02C208BD600283093 /* Timestamp.swift */ = {isa = PBXFileReference; lastKnownFileType = sourcecode.swift; path = Timestamp.swift; sourceTree = "<group>"; };
		7C32A5A22C208C6300283093 /* Color.swift */ = {isa = PBXFileReference; lastKnownFileType = sourcecode.swift; path = Color.swift; sourceTree = "<group>"; };
		7C32A5BF2C20925300283093 /* ContentViewModel.swift */ = {isa = PBXFileReference; fileEncoding = 4; lastKnownFileType = sourcecode.swift; path = ContentViewModel.swift; sourceTree = "<group>"; };
		7C32A5C12C20925300283093 /* ContentView.swift */ = {isa = PBXFileReference; fileEncoding = 4; lastKnownFileType = sourcecode.swift; path = ContentView.swift; sourceTree = "<group>"; };
		7C32A5C52C20925400283093 /* ThreadCell.swift */ = {isa = PBXFileReference; fileEncoding = 4; lastKnownFileType = sourcecode.swift; path = ThreadCell.swift; sourceTree = "<group>"; };
		7C32A5C62C20925400283093 /* ContentActionButtonView.swift */ = {isa = PBXFileReference; fileEncoding = 4; lastKnownFileType = sourcecode.swift; path = ContentActionButtonView.swift; sourceTree = "<group>"; };
		7C32A5C82C20925400283093 /* UserListView.swift */ = {isa = PBXFileReference; fileEncoding = 4; lastKnownFileType = sourcecode.swift; path = UserListView.swift; sourceTree = "<group>"; };
		7C32A5C92C20925400283093 /* UserCell.swift */ = {isa = PBXFileReference; fileEncoding = 4; lastKnownFileType = sourcecode.swift; path = UserCell.swift; sourceTree = "<group>"; };
		7C32A5CA2C20925400283093 /* CircularProfileImageView.swift */ = {isa = PBXFileReference; fileEncoding = 4; lastKnownFileType = sourcecode.swift; path = CircularProfileImageView.swift; sourceTree = "<group>"; };
		7C32A5CD2C20925400283093 /* ExploreViewModel.swift */ = {isa = PBXFileReference; fileEncoding = 4; lastKnownFileType = sourcecode.swift; path = ExploreViewModel.swift; sourceTree = "<group>"; };
		7C32A5CF2C20925400283093 /* ExploreView.swift */ = {isa = PBXFileReference; fileEncoding = 4; lastKnownFileType = sourcecode.swift; path = ExploreView.swift; sourceTree = "<group>"; };
		7C32A5D32C20925500283093 /* EditProfileView.swift */ = {isa = PBXFileReference; fileEncoding = 4; lastKnownFileType = sourcecode.swift; path = EditProfileView.swift; sourceTree = "<group>"; };
		7C32A5D62C20925500283093 /* CurrentUserProfileViewModel.swift */ = {isa = PBXFileReference; fileEncoding = 4; lastKnownFileType = sourcecode.swift; path = CurrentUserProfileViewModel.swift; sourceTree = "<group>"; };
		7C32A5D82C20925500283093 /* CurrentUserProfileView.swift */ = {isa = PBXFileReference; fileEncoding = 4; lastKnownFileType = sourcecode.swift; path = CurrentUserProfileView.swift; sourceTree = "<group>"; };
		7C32A5D92C20925500283093 /* CurrentUserProfileContentView.swift */ = {isa = PBXFileReference; fileEncoding = 4; lastKnownFileType = sourcecode.swift; path = CurrentUserProfileContentView.swift; sourceTree = "<group>"; };
		7C32A5DB2C20925500283093 /* ProfileThreadFilterViewModel.swift */ = {isa = PBXFileReference; fileEncoding = 4; lastKnownFileType = sourcecode.swift; path = ProfileThreadFilterViewModel.swift; sourceTree = "<group>"; };
		7C32A5DE2C20925500283093 /* UserContentListViewModel.swift */ = {isa = PBXFileReference; fileEncoding = 4; lastKnownFileType = sourcecode.swift; path = UserContentListViewModel.swift; sourceTree = "<group>"; };
		7C32A5E02C20925500283093 /* UserContentListView.swift */ = {isa = PBXFileReference; fileEncoding = 4; lastKnownFileType = sourcecode.swift; path = UserContentListView.swift; sourceTree = "<group>"; };
		7C32A5E12C20925500283093 /* ProfileHeaderView.swift */ = {isa = PBXFileReference; fileEncoding = 4; lastKnownFileType = sourcecode.swift; path = ProfileHeaderView.swift; sourceTree = "<group>"; };
		7C32A5E42C20925500283093 /* UserProfileViewModel.swift */ = {isa = PBXFileReference; fileEncoding = 4; lastKnownFileType = sourcecode.swift; path = UserProfileViewModel.swift; sourceTree = "<group>"; };
		7C32A5E62C20925500283093 /* ProfileView.swift */ = {isa = PBXFileReference; fileEncoding = 4; lastKnownFileType = sourcecode.swift; path = ProfileView.swift; sourceTree = "<group>"; };
		7C32A5E92C20925500283093 /* LoginViewModel.swift */ = {isa = PBXFileReference; fileEncoding = 4; lastKnownFileType = sourcecode.swift; path = LoginViewModel.swift; sourceTree = "<group>"; };
		7C32A5EA2C20925500283093 /* ForgotPasswordViewModel.swift */ = {isa = PBXFileReference; fileEncoding = 4; lastKnownFileType = sourcecode.swift; path = ForgotPasswordViewModel.swift; sourceTree = "<group>"; };
		7C32A5EB2C20925500283093 /* RegistrationViewModel.swift */ = {isa = PBXFileReference; fileEncoding = 4; lastKnownFileType = sourcecode.swift; path = RegistrationViewModel.swift; sourceTree = "<group>"; };
		7C32A5ED2C20925500283093 /* RegistrationView.swift */ = {isa = PBXFileReference; fileEncoding = 4; lastKnownFileType = sourcecode.swift; path = RegistrationView.swift; sourceTree = "<group>"; };
		7C32A5EE2C20925500283093 /* LoginView.swift */ = {isa = PBXFileReference; fileEncoding = 4; lastKnownFileType = sourcecode.swift; path = LoginView.swift; sourceTree = "<group>"; };
		7C32A5EF2C20925500283093 /* ForgotPasswordView.swift */ = {isa = PBXFileReference; fileEncoding = 4; lastKnownFileType = sourcecode.swift; path = ForgotPasswordView.swift; sourceTree = "<group>"; };
		7C32A5F12C20925500283093 /* AuthService.swift */ = {isa = PBXFileReference; fileEncoding = 4; lastKnownFileType = sourcecode.swift; path = AuthService.swift; sourceTree = "<group>"; };
		7C32A5F42C20925600283093 /* FeedViewModel.swift */ = {isa = PBXFileReference; fileEncoding = 4; lastKnownFileType = sourcecode.swift; path = FeedViewModel.swift; sourceTree = "<group>"; };
		7C32A5F62C20925600283093 /* FeedView.swift */ = {isa = PBXFileReference; fileEncoding = 4; lastKnownFileType = sourcecode.swift; path = FeedView.swift; sourceTree = "<group>"; };
		7C32A5F82C20925600283093 /* ThreadsTabView.swift */ = {isa = PBXFileReference; fileEncoding = 4; lastKnownFileType = sourcecode.swift; path = ThreadsTabView.swift; sourceTree = "<group>"; };
		7C32A5FB2C20925700283093 /* CreateThreadViewModel.swift */ = {isa = PBXFileReference; fileEncoding = 4; lastKnownFileType = sourcecode.swift; path = CreateThreadViewModel.swift; sourceTree = "<group>"; };
		7C32A5FD2C20925700283093 /* CreateThreadView.swift */ = {isa = PBXFileReference; fileEncoding = 4; lastKnownFileType = sourcecode.swift; path = CreateThreadView.swift; sourceTree = "<group>"; };
		7C32A5FE2C20925700283093 /* CreateThreadDummyView.swift */ = {isa = PBXFileReference; fileEncoding = 4; lastKnownFileType = sourcecode.swift; path = CreateThreadDummyView.swift; sourceTree = "<group>"; };
		7C32A61F2C20928B00283093 /* Thread.swift */ = {isa = PBXFileReference; fileEncoding = 4; lastKnownFileType = sourcecode.swift; path = Thread.swift; sourceTree = "<group>"; };
		7C32A6202C20928B00283093 /* User.swift */ = {isa = PBXFileReference; fileEncoding = 4; lastKnownFileType = sourcecode.swift; path = User.swift; sourceTree = "<group>"; };
		7C32A6242C2092B600283093 /* FirestoreConstants.swift */ = {isa = PBXFileReference; fileEncoding = 4; lastKnownFileType = sourcecode.swift; path = FirestoreConstants.swift; sourceTree = "<group>"; };
		7C32A6262C2092B700283093 /* ThreadsTextFieldModifier.swift */ = {isa = PBXFileReference; fileEncoding = 4; lastKnownFileType = sourcecode.swift; path = ThreadsTextFieldModifier.swift; sourceTree = "<group>"; };
		7C32A6272C2092B700283093 /* ThreadsButtonModifier.swift */ = {isa = PBXFileReference; fileEncoding = 4; lastKnownFileType = sourcecode.swift; path = ThreadsButtonModifier.swift; sourceTree = "<group>"; };
		7CAD322E2C1B65FF00E9B2A6 /* StacksThreads.app */ = {isa = PBXFileReference; explicitFileType = wrapper.application; includeInIndex = 0; path = StacksThreads.app; sourceTree = BUILT_PRODUCTS_DIR; };
		7CAD32312C1B65FF00E9B2A6 /* StacksThreadsApp.swift */ = {isa = PBXFileReference; lastKnownFileType = sourcecode.swift; path = StacksThreadsApp.swift; sourceTree = "<group>"; };
		7CAD32352C1B660500E9B2A6 /* Assets.xcassets */ = {isa = PBXFileReference; lastKnownFileType = folder.assetcatalog; path = Assets.xcassets; sourceTree = "<group>"; };
		7CAD32382C1B660500E9B2A6 /* Preview Assets.xcassets */ = {isa = PBXFileReference; lastKnownFileType = folder.assetcatalog; path = "Preview Assets.xcassets"; sourceTree = "<group>"; };
		7CAD32712C1D514A00E9B2A6 /* GoogleService-Info.plist */ = {isa = PBXFileReference; fileEncoding = 4; lastKnownFileType = text.plist.xml; path = "GoogleService-Info.plist"; sourceTree = "<group>"; };
		7CAD32BA2C1D900100E9B2A6 /* UserService.swift */ = {isa = PBXFileReference; lastKnownFileType = sourcecode.swift; path = UserService.swift; sourceTree = "<group>"; };
/* End PBXFileReference section */

/* Begin PBXFrameworksBuildPhase section */
		7CAD322B2C1B65FF00E9B2A6 /* Frameworks */ = {
			isa = PBXFrameworksBuildPhase;
			buildActionMask = 2147483647;
			files = (
				7CAD32872C1D52F300E9B2A6 /* FirebaseDatabase in Frameworks */,
				7CAD32952C1D52F300E9B2A6 /* FirebaseFunctionsCombine-Community in Frameworks */,
				7CAD328D2C1D52F300E9B2A6 /* FirebaseFirestore in Frameworks */,
				7CAD32792C1D52F300E9B2A6 /* FirebaseAnalyticsSwift in Frameworks */,
				7CAD32752C1D52F300E9B2A6 /* FirebaseAnalytics in Frameworks */,
				7CAD32772C1D52F300E9B2A6 /* FirebaseAnalyticsOnDeviceConversion in Frameworks */,
				7CAD329D2C1D52F300E9B2A6 /* FirebaseMLModelDownloader in Frameworks */,
				7CAD32912C1D52F300E9B2A6 /* FirebaseFirestoreSwift in Frameworks */,
				7C32A62D2C2093F400283093 /* Kingfisher in Frameworks */,
				7CAD327D2C1D52F300E9B2A6 /* FirebaseAppCheck in Frameworks */,
				7CAD327B2C1D52F300E9B2A6 /* FirebaseAnalyticsWithoutAdIdSupport in Frameworks */,
				7CAD32812C1D52F300E9B2A6 /* FirebaseAuth in Frameworks */,
				7CAD32852C1D52F300E9B2A6 /* FirebaseCrashlytics in Frameworks */,
				7CAD32A52C1D52F300E9B2A6 /* FirebaseRemoteConfigSwift in Frameworks */,
				7CAD32972C1D52F300E9B2A6 /* FirebaseInAppMessaging-Beta in Frameworks */,
				7CAD32892C1D52F300E9B2A6 /* FirebaseDatabaseSwift in Frameworks */,
				7CAD32932C1D52F300E9B2A6 /* FirebaseFunctions in Frameworks */,
				7CAD32A92C1D52F300E9B2A6 /* FirebaseStorageCombine-Community in Frameworks */,
				7CAD32A32C1D52F300E9B2A6 /* FirebaseRemoteConfig in Frameworks */,
				7CAD327F2C1D52F300E9B2A6 /* FirebaseAppDistribution-Beta in Frameworks */,
				7CAD32832C1D52F300E9B2A6 /* FirebaseAuthCombine-Community in Frameworks */,
				7CAD32A12C1D52F300E9B2A6 /* FirebasePerformance in Frameworks */,
				7CAD32992C1D52F300E9B2A6 /* FirebaseInAppMessagingSwift-Beta in Frameworks */,
				7CAD32A72C1D52F300E9B2A6 /* FirebaseStorage in Frameworks */,
				7CAD328B2C1D52F300E9B2A6 /* FirebaseDynamicLinks in Frameworks */,
				7CAD32AB2C1D52F300E9B2A6 /* FirebaseVertexAI-Preview in Frameworks */,
				7CAD328F2C1D52F300E9B2A6 /* FirebaseFirestoreCombine-Community in Frameworks */,
				7CAD329F2C1D52F300E9B2A6 /* FirebaseMessaging in Frameworks */,
				7CAD329B2C1D52F300E9B2A6 /* FirebaseInstallations in Frameworks */,
			);
			runOnlyForDeploymentPostprocessing = 0;
		};
/* End PBXFrameworksBuildPhase section */

/* Begin PBXGroup section */
		7C32A5BD2C20925300283093 /* Root */ = {
			isa = PBXGroup;
			children = (
				7C32A5BE2C20925300283093 /* ViewModel */,
				7C32A5C02C20925300283093 /* View */,
			);
			path = Root;
			sourceTree = "<group>";
		};
		7C32A5BE2C20925300283093 /* ViewModel */ = {
			isa = PBXGroup;
			children = (
				7C32A5BF2C20925300283093 /* ContentViewModel.swift */,
			);
			path = ViewModel;
			sourceTree = "<group>";
		};
		7C32A5C02C20925300283093 /* View */ = {
			isa = PBXGroup;
			children = (
				7C32A5C12C20925300283093 /* ContentView.swift */,
			);
			path = View;
			sourceTree = "<group>";
		};
		7C32A5C22C20925400283093 /* Components */ = {
			isa = PBXGroup;
			children = (
				7C32A5C32C20925400283093 /* Threads */,
				7C32A5C72C20925400283093 /* Users */,
			);
			path = Components;
			sourceTree = "<group>";
		};
		7C32A5C32C20925400283093 /* Threads */ = {
			isa = PBXGroup;
			children = (
				7C32A5C42C20925400283093 /* Views */,
			);
			path = Threads;
			sourceTree = "<group>";
		};
		7C32A5C42C20925400283093 /* Views */ = {
			isa = PBXGroup;
			children = (
				7C32A5C52C20925400283093 /* ThreadCell.swift */,
				7C32A5C62C20925400283093 /* ContentActionButtonView.swift */,
			);
			path = Views;
			sourceTree = "<group>";
		};
		7C32A5C72C20925400283093 /* Users */ = {
			isa = PBXGroup;
			children = (
				7C32A5C82C20925400283093 /* UserListView.swift */,
				7C32A5C92C20925400283093 /* UserCell.swift */,
				7C32A5CA2C20925400283093 /* CircularProfileImageView.swift */,
			);
			path = Users;
			sourceTree = "<group>";
		};
		7C32A5CB2C20925400283093 /* Explore */ = {
			isa = PBXGroup;
			children = (
				7C32A5CC2C20925400283093 /* ViewModel */,
				7C32A5CE2C20925400283093 /* View */,
			);
			path = Explore;
			sourceTree = "<group>";
		};
		7C32A5CC2C20925400283093 /* ViewModel */ = {
			isa = PBXGroup;
			children = (
				7C32A5CD2C20925400283093 /* ExploreViewModel.swift */,
			);
			path = ViewModel;
			sourceTree = "<group>";
		};
		7C32A5CE2C20925400283093 /* View */ = {
			isa = PBXGroup;
			children = (
				7C32A5CF2C20925400283093 /* ExploreView.swift */,
			);
			path = View;
			sourceTree = "<group>";
		};
		7C32A5D02C20925500283093 /* Profile */ = {
			isa = PBXGroup;
			children = (
				7C32A5D12C20925500283093 /* EditProfile */,
				7C32A5D42C20925500283093 /* CurrentUserProfile */,
				7C32A5DA2C20925500283093 /* Models */,
				7C32A5DC2C20925500283093 /* Components */,
				7C32A5E22C20925500283093 /* UserProfile */,
			);
			path = Profile;
			sourceTree = "<group>";
		};
		7C32A5D12C20925500283093 /* EditProfile */ = {
			isa = PBXGroup;
			children = (
				7C32A5D22C20925500283093 /* View */,
			);
			path = EditProfile;
			sourceTree = "<group>";
		};
		7C32A5D22C20925500283093 /* View */ = {
			isa = PBXGroup;
			children = (
				7C32A5D32C20925500283093 /* EditProfileView.swift */,
			);
			path = View;
			sourceTree = "<group>";
		};
		7C32A5D42C20925500283093 /* CurrentUserProfile */ = {
			isa = PBXGroup;
			children = (
				7C32A5D52C20925500283093 /* ViewModel */,
				7C32A5D72C20925500283093 /* View */,
			);
			path = CurrentUserProfile;
			sourceTree = "<group>";
		};
		7C32A5D52C20925500283093 /* ViewModel */ = {
			isa = PBXGroup;
			children = (
				7C32A5D62C20925500283093 /* CurrentUserProfileViewModel.swift */,
			);
			path = ViewModel;
			sourceTree = "<group>";
		};
		7C32A5D72C20925500283093 /* View */ = {
			isa = PBXGroup;
			children = (
				7C32A5D82C20925500283093 /* CurrentUserProfileView.swift */,
				7C32A5D92C20925500283093 /* CurrentUserProfileContentView.swift */,
			);
			path = View;
			sourceTree = "<group>";
		};
		7C32A5DA2C20925500283093 /* Models */ = {
			isa = PBXGroup;
			children = (
				7C32A5DB2C20925500283093 /* ProfileThreadFilterViewModel.swift */,
			);
			path = Models;
			sourceTree = "<group>";
		};
		7C32A5DC2C20925500283093 /* Components */ = {
			isa = PBXGroup;
			children = (
				7C32A5DD2C20925500283093 /* ViewModel */,
				7C32A5DF2C20925500283093 /* View */,
			);
			path = Components;
			sourceTree = "<group>";
		};
		7C32A5DD2C20925500283093 /* ViewModel */ = {
			isa = PBXGroup;
			children = (
				7C32A5DE2C20925500283093 /* UserContentListViewModel.swift */,
			);
			path = ViewModel;
			sourceTree = "<group>";
		};
		7C32A5DF2C20925500283093 /* View */ = {
			isa = PBXGroup;
			children = (
				7C32A5E02C20925500283093 /* UserContentListView.swift */,
				7C32A5E12C20925500283093 /* ProfileHeaderView.swift */,
			);
			path = View;
			sourceTree = "<group>";
		};
		7C32A5E22C20925500283093 /* UserProfile */ = {
			isa = PBXGroup;
			children = (
				7C32A5E32C20925500283093 /* ViewModel */,
				7C32A5E52C20925500283093 /* View */,
			);
			path = UserProfile;
			sourceTree = "<group>";
		};
		7C32A5E32C20925500283093 /* ViewModel */ = {
			isa = PBXGroup;
			children = (
				7C32A5E42C20925500283093 /* UserProfileViewModel.swift */,
			);
			path = ViewModel;
			sourceTree = "<group>";
		};
		7C32A5E52C20925500283093 /* View */ = {
			isa = PBXGroup;
			children = (
				7C32A5E62C20925500283093 /* ProfileView.swift */,
			);
			path = View;
			sourceTree = "<group>";
		};
		7C32A5E72C20925500283093 /* Authentication */ = {
			isa = PBXGroup;
			children = (
				7C32A5E82C20925500283093 /* ViewModel */,
				7C32A5EC2C20925500283093 /* View */,
				7C32A5F02C20925500283093 /* Service */,
			);
			path = Authentication;
			sourceTree = "<group>";
		};
		7C32A5E82C20925500283093 /* ViewModel */ = {
			isa = PBXGroup;
			children = (
				7C32A5E92C20925500283093 /* LoginViewModel.swift */,
				7C32A5EA2C20925500283093 /* ForgotPasswordViewModel.swift */,
				7C32A5EB2C20925500283093 /* RegistrationViewModel.swift */,
			);
			path = ViewModel;
			sourceTree = "<group>";
		};
		7C32A5EC2C20925500283093 /* View */ = {
			isa = PBXGroup;
			children = (
				7C32A5ED2C20925500283093 /* RegistrationView.swift */,
				7C32A5EE2C20925500283093 /* LoginView.swift */,
				7C32A5EF2C20925500283093 /* ForgotPasswordView.swift */,
			);
			path = View;
			sourceTree = "<group>";
		};
		7C32A5F02C20925500283093 /* Service */ = {
			isa = PBXGroup;
			children = (
				7C32A5F12C20925500283093 /* AuthService.swift */,
			);
			path = Service;
			sourceTree = "<group>";
		};
		7C32A5F22C20925600283093 /* Feed */ = {
			isa = PBXGroup;
			children = (
				7C32A5F32C20925600283093 /* ViewModel */,
				7C32A5F52C20925600283093 /* View */,
			);
			path = Feed;
			sourceTree = "<group>";
		};
		7C32A5F32C20925600283093 /* ViewModel */ = {
			isa = PBXGroup;
			children = (
				7C32A5F42C20925600283093 /* FeedViewModel.swift */,
			);
			path = ViewModel;
			sourceTree = "<group>";
		};
		7C32A5F52C20925600283093 /* View */ = {
			isa = PBXGroup;
			children = (
				7C32A5F62C20925600283093 /* FeedView.swift */,
			);
			path = View;
			sourceTree = "<group>";
		};
		7C32A5F72C20925600283093 /* TabBar */ = {
			isa = PBXGroup;
			children = (
				7C32A5F82C20925600283093 /* ThreadsTabView.swift */,
			);
			path = TabBar;
			sourceTree = "<group>";
		};
		7C32A5F92C20925700283093 /* ThreadCreation */ = {
			isa = PBXGroup;
			children = (
				7C32A5FA2C20925700283093 /* ViewModel */,
				7C32A5FC2C20925700283093 /* View */,
			);
			path = ThreadCreation;
			sourceTree = "<group>";
		};
		7C32A5FA2C20925700283093 /* ViewModel */ = {
			isa = PBXGroup;
			children = (
				7C32A5FB2C20925700283093 /* CreateThreadViewModel.swift */,
			);
			path = ViewModel;
			sourceTree = "<group>";
		};
		7C32A5FC2C20925700283093 /* View */ = {
			isa = PBXGroup;
			children = (
				7C32A5FD2C20925700283093 /* CreateThreadView.swift */,
				7C32A5FE2C20925700283093 /* CreateThreadDummyView.swift */,
			);
			path = View;
			sourceTree = "<group>";
		};
		7C32A6232C2092B600283093 /* Constants */ = {
			isa = PBXGroup;
			children = (
				7C32A6242C2092B600283093 /* FirestoreConstants.swift */,
			);
			path = Constants;
			sourceTree = "<group>";
		};
		7C32A6252C2092B700283093 /* Modifiers */ = {
			isa = PBXGroup;
			children = (
				7C32A6262C2092B700283093 /* ThreadsTextFieldModifier.swift */,
				7C32A6272C2092B700283093 /* ThreadsButtonModifier.swift */,
			);
			path = Modifiers;
			sourceTree = "<group>";
		};
		7CAD32252C1B65FF00E9B2A6 = {
			isa = PBXGroup;
			children = (
				7CAD322F2C1B65FF00E9B2A6 /* Products */,
				7CAD32302C1B65FF00E9B2A6 /* StacksThreads */,
			);
			sourceTree = "<group>";
		};
		7CAD322F2C1B65FF00E9B2A6 /* Products */ = {
			isa = PBXGroup;
			children = (
				7CAD322E2C1B65FF00E9B2A6 /* StacksThreads.app */,
			);
			name = Products;
			sourceTree = "<group>";
		};
		7CAD32302C1B65FF00E9B2A6 /* StacksThreads */ = {
			isa = PBXGroup;
			children = (
				7CAD32452C1B6A0E00E9B2A6 /* PreviewContent */,
				7CAD323F2C1B697000E9B2A6 /* App */,
				7CAD32352C1B660500E9B2A6 /* Assets.xcassets */,
				7CAD32712C1D514A00E9B2A6 /* GoogleService-Info.plist */,
				7CAD32402C1B697700E9B2A6 /* Core */,
				7CAD32412C1B697E00E9B2A6 /* Extension */,
				7CAD32422C1B698400E9B2A6 /* Model */,
				7CAD32372C1B660500E9B2A6 /* Preview Content */,
				7CAD32432C1B69B300E9B2A6 /* Services */,
				7CAD32442C1B69D000E9B2A6 /* Utils */,
			);
			path = StacksThreads;
			sourceTree = "<group>";
		};
		7CAD32372C1B660500E9B2A6 /* Preview Content */ = {
			isa = PBXGroup;
			children = (
				7CAD32382C1B660500E9B2A6 /* Preview Assets.xcassets */,
			);
			path = "Preview Content";
			sourceTree = "<group>";
		};
		7CAD323F2C1B697000E9B2A6 /* App */ = {
			isa = PBXGroup;
			children = (
				7CAD32312C1B65FF00E9B2A6 /* StacksThreadsApp.swift */,
			);
			path = App;
			sourceTree = "<group>";
		};
		7CAD32402C1B697700E9B2A6 /* Core */ = {
			isa = PBXGroup;
			children = (
				7C32A5E72C20925500283093 /* Authentication */,
				7C32A5C22C20925400283093 /* Components */,
				7C32A5CB2C20925400283093 /* Explore */,
				7C32A5F22C20925600283093 /* Feed */,
				7C32A5D02C20925500283093 /* Profile */,
				7C32A5BD2C20925300283093 /* Root */,
				7C32A5F72C20925600283093 /* TabBar */,
				7C32A5F92C20925700283093 /* ThreadCreation */,
			);
			path = Core;
			sourceTree = "<group>";
		};
		7CAD32412C1B697E00E9B2A6 /* Extension */ = {
			isa = PBXGroup;
			children = (
				7C32A57B2C1F86E100283093 /* PreviewProvider.swift */,
				7C32A5A02C208BD600283093 /* Timestamp.swift */,
				7C32A5A22C208C6300283093 /* Color.swift */,
			);
			path = Extension;
			sourceTree = "<group>";
		};
		7CAD32422C1B698400E9B2A6 /* Model */ = {
			isa = PBXGroup;
			children = (
				7C32A61F2C20928B00283093 /* Thread.swift */,
				7C32A6202C20928B00283093 /* User.swift */,
			);
			path = Model;
			sourceTree = "<group>";
		};
		7CAD32432C1B69B300E9B2A6 /* Services */ = {
			isa = PBXGroup;
			children = (
				7C32A58E2C2079AB00283093 /* ImageUploader.swift */,
				7CAD32BA2C1D900100E9B2A6 /* UserService.swift */,
				7C32A5942C20877000283093 /* ThreadService.swift */,
			);
			path = Services;
			sourceTree = "<group>";
		};
		7CAD32442C1B69D000E9B2A6 /* Utils */ = {
			isa = PBXGroup;
			children = (
				7C32A6232C2092B600283093 /* Constants */,
				7C32A6252C2092B700283093 /* Modifiers */,
			);
			path = Utils;
			sourceTree = "<group>";
		};
		7CAD32452C1B6A0E00E9B2A6 /* PreviewContent */ = {
			isa = PBXGroup;
			children = (
			);
			path = PreviewContent;
			sourceTree = "<group>";
		};
/* End PBXGroup section */

/* Begin PBXNativeTarget section */
		7CAD322D2C1B65FF00E9B2A6 /* StacksThreads */ = {
			isa = PBXNativeTarget;
			buildConfigurationList = 7CAD323C2C1B660500E9B2A6 /* Build configuration list for PBXNativeTarget "StacksThreads" */;
			buildPhases = (
				7CAD322A2C1B65FF00E9B2A6 /* Sources */,
				7CAD322B2C1B65FF00E9B2A6 /* Frameworks */,
				7CAD322C2C1B65FF00E9B2A6 /* Resources */,
			);
			buildRules = (
			);
			dependencies = (
			);
			name = StacksThreads;
			packageProductDependencies = (
				7CAD32742C1D52F300E9B2A6 /* FirebaseAnalytics */,
				7CAD32762C1D52F300E9B2A6 /* FirebaseAnalyticsOnDeviceConversion */,
				7CAD32782C1D52F300E9B2A6 /* FirebaseAnalyticsSwift */,
				7CAD327A2C1D52F300E9B2A6 /* FirebaseAnalyticsWithoutAdIdSupport */,
				7CAD327C2C1D52F300E9B2A6 /* FirebaseAppCheck */,
				7CAD327E2C1D52F300E9B2A6 /* FirebaseAppDistribution-Beta */,
				7CAD32802C1D52F300E9B2A6 /* FirebaseAuth */,
				7CAD32822C1D52F300E9B2A6 /* FirebaseAuthCombine-Community */,
				7CAD32842C1D52F300E9B2A6 /* FirebaseCrashlytics */,
				7CAD32862C1D52F300E9B2A6 /* FirebaseDatabase */,
				7CAD32882C1D52F300E9B2A6 /* FirebaseDatabaseSwift */,
				7CAD328A2C1D52F300E9B2A6 /* FirebaseDynamicLinks */,
				7CAD328C2C1D52F300E9B2A6 /* FirebaseFirestore */,
				7CAD328E2C1D52F300E9B2A6 /* FirebaseFirestoreCombine-Community */,
				7CAD32902C1D52F300E9B2A6 /* FirebaseFirestoreSwift */,
				7CAD32922C1D52F300E9B2A6 /* FirebaseFunctions */,
				7CAD32942C1D52F300E9B2A6 /* FirebaseFunctionsCombine-Community */,
				7CAD32962C1D52F300E9B2A6 /* FirebaseInAppMessaging-Beta */,
				7CAD32982C1D52F300E9B2A6 /* FirebaseInAppMessagingSwift-Beta */,
				7CAD329A2C1D52F300E9B2A6 /* FirebaseInstallations */,
				7CAD329C2C1D52F300E9B2A6 /* FirebaseMLModelDownloader */,
				7CAD329E2C1D52F300E9B2A6 /* FirebaseMessaging */,
				7CAD32A02C1D52F300E9B2A6 /* FirebasePerformance */,
				7CAD32A22C1D52F300E9B2A6 /* FirebaseRemoteConfig */,
				7CAD32A42C1D52F300E9B2A6 /* FirebaseRemoteConfigSwift */,
				7CAD32A62C1D52F300E9B2A6 /* FirebaseStorage */,
				7CAD32A82C1D52F300E9B2A6 /* FirebaseStorageCombine-Community */,
				7CAD32AA2C1D52F300E9B2A6 /* FirebaseVertexAI-Preview */,
				7C32A62C2C2093F400283093 /* Kingfisher */,
			);
			productName = StacksThreads;
			productReference = 7CAD322E2C1B65FF00E9B2A6 /* StacksThreads.app */;
			productType = "com.apple.product-type.application";
		};
/* End PBXNativeTarget section */

/* Begin PBXProject section */
		7CAD32262C1B65FF00E9B2A6 /* Project object */ = {
			isa = PBXProject;
			attributes = {
				BuildIndependentTargetsInParallel = 1;
				LastSwiftUpdateCheck = 1520;
				LastUpgradeCheck = 1520;
				TargetAttributes = {
					7CAD322D2C1B65FF00E9B2A6 = {
						CreatedOnToolsVersion = 15.2;
					};
				};
			};
			buildConfigurationList = 7CAD32292C1B65FF00E9B2A6 /* Build configuration list for PBXProject "StacksThreads" */;
			compatibilityVersion = "Xcode 14.0";
			developmentRegion = en;
			hasScannedForEncodings = 0;
			knownRegions = (
				en,
				Base,
			);
			mainGroup = 7CAD32252C1B65FF00E9B2A6;
			packageReferences = (
				7CAD32732C1D52F300E9B2A6 /* XCRemoteSwiftPackageReference "firebase-ios-sdk" */,
				7C32A62B2C2093F400283093 /* XCRemoteSwiftPackageReference "Kingfisher" */,
			);
			productRefGroup = 7CAD322F2C1B65FF00E9B2A6 /* Products */;
			projectDirPath = "";
			projectRoot = "";
			targets = (
				7CAD322D2C1B65FF00E9B2A6 /* StacksThreads */,
			);
		};
/* End PBXProject section */

/* Begin PBXResourcesBuildPhase section */
		7CAD322C2C1B65FF00E9B2A6 /* Resources */ = {
			isa = PBXResourcesBuildPhase;
			buildActionMask = 2147483647;
			files = (
				7CAD32392C1B660500E9B2A6 /* Preview Assets.xcassets in Resources */,
				7CAD32362C1B660500E9B2A6 /* Assets.xcassets in Resources */,
				7CAD32722C1D514A00E9B2A6 /* GoogleService-Info.plist in Resources */,
			);
			runOnlyForDeploymentPostprocessing = 0;
		};
/* End PBXResourcesBuildPhase section */

/* Begin PBXSourcesBuildPhase section */
		7CAD322A2C1B65FF00E9B2A6 /* Sources */ = {
			isa = PBXSourcesBuildPhase;
			buildActionMask = 2147483647;
			files = (
				7C32A61D2C20925700283093 /* CreateThreadView.swift in Sources */,
				7C32A57C2C1F86E100283093 /* PreviewProvider.swift in Sources */,
				7C32A6142C20925700283093 /* RegistrationViewModel.swift in Sources */,
				7C32A60B2C20925700283093 /* CurrentUserProfileContentView.swift in Sources */,
				7C32A6002C20925700283093 /* ContentView.swift in Sources */,
				7CAD32BB2C1D900100E9B2A6 /* UserService.swift in Sources */,
				7C32A6012C20925700283093 /* ThreadCell.swift in Sources */,
				7C32A5952C20877000283093 /* ThreadService.swift in Sources */,
				7C32A6152C20925700283093 /* RegistrationView.swift in Sources */,
				7C32A6282C2092B700283093 /* FirestoreConstants.swift in Sources */,
				7C32A6132C20925700283093 /* ForgotPasswordViewModel.swift in Sources */,
				7C32A60C2C20925700283093 /* ProfileThreadFilterViewModel.swift in Sources */,
				7C32A5A32C208C6300283093 /* Color.swift in Sources */,
				7C32A61C2C20925700283093 /* CreateThreadViewModel.swift in Sources */,
				7C32A6102C20925700283093 /* UserProfileViewModel.swift in Sources */,
				7C32A5FF2C20925700283093 /* ContentViewModel.swift in Sources */,
				7C32A6032C20925700283093 /* UserListView.swift in Sources */,
				7C32A6042C20925700283093 /* UserCell.swift in Sources */,
				7C32A6112C20925700283093 /* ProfileView.swift in Sources */,
				7C32A6222C20928C00283093 /* User.swift in Sources */,
				7C32A62A2C2092B700283093 /* ThreadsButtonModifier.swift in Sources */,
				7C32A60D2C20925700283093 /* UserContentListViewModel.swift in Sources */,
				7C32A61A2C20925700283093 /* FeedView.swift in Sources */,
				7C32A60E2C20925700283093 /* UserContentListView.swift in Sources */,
				7C32A6062C20925700283093 /* ExploreViewModel.swift in Sources */,
				7C32A6072C20925700283093 /* ExploreView.swift in Sources */,
				7C32A6172C20925700283093 /* ForgotPasswordView.swift in Sources */,
				7C32A6022C20925700283093 /* ContentActionButtonView.swift in Sources */,
				7C32A6092C20925700283093 /* CurrentUserProfileViewModel.swift in Sources */,
				7C32A6082C20925700283093 /* EditProfileView.swift in Sources */,
				7C32A6122C20925700283093 /* LoginViewModel.swift in Sources */,
				7C32A6192C20925700283093 /* FeedViewModel.swift in Sources */,
				7C32A60F2C20925700283093 /* ProfileHeaderView.swift in Sources */,
				7C32A6182C20925700283093 /* AuthService.swift in Sources */,
				7C32A6212C20928C00283093 /* Thread.swift in Sources */,
				7C32A5A12C208BD600283093 /* Timestamp.swift in Sources */,
				7C32A58F2C2079AB00283093 /* ImageUploader.swift in Sources */,
				7C32A60A2C20925700283093 /* CurrentUserProfileView.swift in Sources */,
				7C32A6052C20925700283093 /* CircularProfileImageView.swift in Sources */,
				7C32A61B2C20925700283093 /* ThreadsTabView.swift in Sources */,
				7C32A6162C20925700283093 /* LoginView.swift in Sources */,
				7CAD32322C1B65FF00E9B2A6 /* StacksThreadsApp.swift in Sources */,
				7C32A6292C2092B700283093 /* ThreadsTextFieldModifier.swift in Sources */,
				7C32A61E2C20925700283093 /* CreateThreadDummyView.swift in Sources */,
			);
			runOnlyForDeploymentPostprocessing = 0;
		};
/* End PBXSourcesBuildPhase section */

/* Begin XCBuildConfiguration section */
		7CAD323A2C1B660500E9B2A6 /* Debug */ = {
			isa = XCBuildConfiguration;
			buildSettings = {
				ALWAYS_SEARCH_USER_PATHS = NO;
				ASSETCATALOG_COMPILER_GENERATE_SWIFT_ASSET_SYMBOL_EXTENSIONS = YES;
				CLANG_ANALYZER_NONNULL = YES;
				CLANG_ANALYZER_NUMBER_OBJECT_CONVERSION = YES_AGGRESSIVE;
				CLANG_CXX_LANGUAGE_STANDARD = "gnu++20";
				CLANG_ENABLE_MODULES = YES;
				CLANG_ENABLE_OBJC_ARC = YES;
				CLANG_ENABLE_OBJC_WEAK = YES;
				CLANG_WARN_BLOCK_CAPTURE_AUTORELEASING = YES;
				CLANG_WARN_BOOL_CONVERSION = YES;
				CLANG_WARN_COMMA = YES;
				CLANG_WARN_CONSTANT_CONVERSION = YES;
				CLANG_WARN_DEPRECATED_OBJC_IMPLEMENTATIONS = YES;
				CLANG_WARN_DIRECT_OBJC_ISA_USAGE = YES_ERROR;
				CLANG_WARN_DOCUMENTATION_COMMENTS = YES;
				CLANG_WARN_EMPTY_BODY = YES;
				CLANG_WARN_ENUM_CONVERSION = YES;
				CLANG_WARN_INFINITE_RECURSION = YES;
				CLANG_WARN_INT_CONVERSION = YES;
				CLANG_WARN_NON_LITERAL_NULL_CONVERSION = YES;
				CLANG_WARN_OBJC_IMPLICIT_RETAIN_SELF = YES;
				CLANG_WARN_OBJC_LITERAL_CONVERSION = YES;
				CLANG_WARN_OBJC_ROOT_CLASS = YES_ERROR;
				CLANG_WARN_QUOTED_INCLUDE_IN_FRAMEWORK_HEADER = YES;
				CLANG_WARN_RANGE_LOOP_ANALYSIS = YES;
				CLANG_WARN_STRICT_PROTOTYPES = YES;
				CLANG_WARN_SUSPICIOUS_MOVE = YES;
				CLANG_WARN_UNGUARDED_AVAILABILITY = YES_AGGRESSIVE;
				CLANG_WARN_UNREACHABLE_CODE = YES;
				CLANG_WARN__DUPLICATE_METHOD_MATCH = YES;
				COPY_PHASE_STRIP = NO;
				DEBUG_INFORMATION_FORMAT = dwarf;
				ENABLE_STRICT_OBJC_MSGSEND = YES;
				ENABLE_TESTABILITY = YES;
				ENABLE_USER_SCRIPT_SANDBOXING = YES;
				GCC_C_LANGUAGE_STANDARD = gnu17;
				GCC_DYNAMIC_NO_PIC = NO;
				GCC_NO_COMMON_BLOCKS = YES;
				GCC_OPTIMIZATION_LEVEL = 0;
				GCC_PREPROCESSOR_DEFINITIONS = (
					"DEBUG=1",
					"$(inherited)",
				);
				GCC_WARN_64_TO_32_BIT_CONVERSION = YES;
				GCC_WARN_ABOUT_RETURN_TYPE = YES_ERROR;
				GCC_WARN_UNDECLARED_SELECTOR = YES;
				GCC_WARN_UNINITIALIZED_AUTOS = YES_AGGRESSIVE;
				GCC_WARN_UNUSED_FUNCTION = YES;
				GCC_WARN_UNUSED_VARIABLE = YES;
				IPHONEOS_DEPLOYMENT_TARGET = 17.2;
				LOCALIZATION_PREFERS_STRING_CATALOGS = YES;
				MTL_ENABLE_DEBUG_INFO = INCLUDE_SOURCE;
				MTL_FAST_MATH = YES;
				ONLY_ACTIVE_ARCH = YES;
				SDKROOT = iphoneos;
				SWIFT_ACTIVE_COMPILATION_CONDITIONS = "DEBUG $(inherited)";
				SWIFT_OPTIMIZATION_LEVEL = "-Onone";
			};
			name = Debug;
		};
		7CAD323B2C1B660500E9B2A6 /* Release */ = {
			isa = XCBuildConfiguration;
			buildSettings = {
				ALWAYS_SEARCH_USER_PATHS = NO;
				ASSETCATALOG_COMPILER_GENERATE_SWIFT_ASSET_SYMBOL_EXTENSIONS = YES;
				CLANG_ANALYZER_NONNULL = YES;
				CLANG_ANALYZER_NUMBER_OBJECT_CONVERSION = YES_AGGRESSIVE;
				CLANG_CXX_LANGUAGE_STANDARD = "gnu++20";
				CLANG_ENABLE_MODULES = YES;
				CLANG_ENABLE_OBJC_ARC = YES;
				CLANG_ENABLE_OBJC_WEAK = YES;
				CLANG_WARN_BLOCK_CAPTURE_AUTORELEASING = YES;
				CLANG_WARN_BOOL_CONVERSION = YES;
				CLANG_WARN_COMMA = YES;
				CLANG_WARN_CONSTANT_CONVERSION = YES;
				CLANG_WARN_DEPRECATED_OBJC_IMPLEMENTATIONS = YES;
				CLANG_WARN_DIRECT_OBJC_ISA_USAGE = YES_ERROR;
				CLANG_WARN_DOCUMENTATION_COMMENTS = YES;
				CLANG_WARN_EMPTY_BODY = YES;
				CLANG_WARN_ENUM_CONVERSION = YES;
				CLANG_WARN_INFINITE_RECURSION = YES;
				CLANG_WARN_INT_CONVERSION = YES;
				CLANG_WARN_NON_LITERAL_NULL_CONVERSION = YES;
				CLANG_WARN_OBJC_IMPLICIT_RETAIN_SELF = YES;
				CLANG_WARN_OBJC_LITERAL_CONVERSION = YES;
				CLANG_WARN_OBJC_ROOT_CLASS = YES_ERROR;
				CLANG_WARN_QUOTED_INCLUDE_IN_FRAMEWORK_HEADER = YES;
				CLANG_WARN_RANGE_LOOP_ANALYSIS = YES;
				CLANG_WARN_STRICT_PROTOTYPES = YES;
				CLANG_WARN_SUSPICIOUS_MOVE = YES;
				CLANG_WARN_UNGUARDED_AVAILABILITY = YES_AGGRESSIVE;
				CLANG_WARN_UNREACHABLE_CODE = YES;
				CLANG_WARN__DUPLICATE_METHOD_MATCH = YES;
				COPY_PHASE_STRIP = NO;
				DEBUG_INFORMATION_FORMAT = "dwarf-with-dsym";
				ENABLE_NS_ASSERTIONS = NO;
				ENABLE_STRICT_OBJC_MSGSEND = YES;
				ENABLE_USER_SCRIPT_SANDBOXING = YES;
				GCC_C_LANGUAGE_STANDARD = gnu17;
				GCC_NO_COMMON_BLOCKS = YES;
				GCC_WARN_64_TO_32_BIT_CONVERSION = YES;
				GCC_WARN_ABOUT_RETURN_TYPE = YES_ERROR;
				GCC_WARN_UNDECLARED_SELECTOR = YES;
				GCC_WARN_UNINITIALIZED_AUTOS = YES_AGGRESSIVE;
				GCC_WARN_UNUSED_FUNCTION = YES;
				GCC_WARN_UNUSED_VARIABLE = YES;
				IPHONEOS_DEPLOYMENT_TARGET = 17.2;
				LOCALIZATION_PREFERS_STRING_CATALOGS = YES;
				MTL_ENABLE_DEBUG_INFO = NO;
				MTL_FAST_MATH = YES;
				SDKROOT = iphoneos;
				SWIFT_COMPILATION_MODE = wholemodule;
				VALIDATE_PRODUCT = YES;
			};
			name = Release;
		};
		7CAD323D2C1B660500E9B2A6 /* Debug */ = {
			isa = XCBuildConfiguration;
			buildSettings = {
				ASSETCATALOG_COMPILER_APPICON_NAME = AppIcon;
				ASSETCATALOG_COMPILER_GLOBAL_ACCENT_COLOR_NAME = AccentColor;
				CODE_SIGN_STYLE = Automatic;
				CURRENT_PROJECT_VERSION = 1;
				DEVELOPMENT_ASSET_PATHS = "\"StacksThreads/Preview Content\"";
				DEVELOPMENT_TEAM = TV6DMQCA2Q;
				ENABLE_PREVIEWS = YES;
				GENERATE_INFOPLIST_FILE = YES;
				INFOPLIST_KEY_UIApplicationSceneManifest_Generation = YES;
				INFOPLIST_KEY_UIApplicationSupportsIndirectInputEvents = YES;
				INFOPLIST_KEY_UILaunchScreen_Generation = YES;
				INFOPLIST_KEY_UISupportedInterfaceOrientations_iPad = "UIInterfaceOrientationPortrait UIInterfaceOrientationPortraitUpsideDown UIInterfaceOrientationLandscapeLeft UIInterfaceOrientationLandscapeRight";
				INFOPLIST_KEY_UISupportedInterfaceOrientations_iPhone = "UIInterfaceOrientationPortrait UIInterfaceOrientationLandscapeLeft UIInterfaceOrientationLandscapeRight";
				LD_RUNPATH_SEARCH_PATHS = (
					"$(inherited)",
					"@executable_path/Frameworks",
				);
				MARKETING_VERSION = 1.0;
				PRODUCT_BUNDLE_IDENTIFIER = com.joseph.StacksThreads;
				PRODUCT_NAME = "$(TARGET_NAME)";
				SWIFT_EMIT_LOC_STRINGS = YES;
				SWIFT_VERSION = 5.0;
				TARGETED_DEVICE_FAMILY = "1,2";
			};
			name = Debug;
		};
		7CAD323E2C1B660500E9B2A6 /* Release */ = {
			isa = XCBuildConfiguration;
			buildSettings = {
				ASSETCATALOG_COMPILER_APPICON_NAME = AppIcon;
				ASSETCATALOG_COMPILER_GLOBAL_ACCENT_COLOR_NAME = AccentColor;
				CODE_SIGN_STYLE = Automatic;
				CURRENT_PROJECT_VERSION = 1;
				DEVELOPMENT_ASSET_PATHS = "\"StacksThreads/Preview Content\"";
				DEVELOPMENT_TEAM = TV6DMQCA2Q;
				ENABLE_PREVIEWS = YES;
				GENERATE_INFOPLIST_FILE = YES;
				INFOPLIST_KEY_UIApplicationSceneManifest_Generation = YES;
				INFOPLIST_KEY_UIApplicationSupportsIndirectInputEvents = YES;
				INFOPLIST_KEY_UILaunchScreen_Generation = YES;
				INFOPLIST_KEY_UISupportedInterfaceOrientations_iPad = "UIInterfaceOrientationPortrait UIInterfaceOrientationPortraitUpsideDown UIInterfaceOrientationLandscapeLeft UIInterfaceOrientationLandscapeRight";
				INFOPLIST_KEY_UISupportedInterfaceOrientations_iPhone = "UIInterfaceOrientationPortrait UIInterfaceOrientationLandscapeLeft UIInterfaceOrientationLandscapeRight";
				LD_RUNPATH_SEARCH_PATHS = (
					"$(inherited)",
					"@executable_path/Frameworks",
				);
				MARKETING_VERSION = 1.0;
				PRODUCT_BUNDLE_IDENTIFIER = com.joseph.StacksThreads;
				PRODUCT_NAME = "$(TARGET_NAME)";
				SWIFT_EMIT_LOC_STRINGS = YES;
				SWIFT_VERSION = 5.0;
				TARGETED_DEVICE_FAMILY = "1,2";
			};
			name = Release;
		};
/* End XCBuildConfiguration section */

/* Begin XCConfigurationList section */
		7CAD32292C1B65FF00E9B2A6 /* Build configuration list for PBXProject "StacksThreads" */ = {
			isa = XCConfigurationList;
			buildConfigurations = (
				7CAD323A2C1B660500E9B2A6 /* Debug */,
				7CAD323B2C1B660500E9B2A6 /* Release */,
			);
			defaultConfigurationIsVisible = 0;
			defaultConfigurationName = Release;
		};
		7CAD323C2C1B660500E9B2A6 /* Build configuration list for PBXNativeTarget "StacksThreads" */ = {
			isa = XCConfigurationList;
			buildConfigurations = (
				7CAD323D2C1B660500E9B2A6 /* Debug */,
				7CAD323E2C1B660500E9B2A6 /* Release */,
			);
			defaultConfigurationIsVisible = 0;
			defaultConfigurationName = Release;
		};
/* End XCConfigurationList section */

/* Begin XCRemoteSwiftPackageReference section */
		7C32A62B2C2093F400283093 /* XCRemoteSwiftPackageReference "Kingfisher" */ = {
			isa = XCRemoteSwiftPackageReference;
			repositoryURL = "https://github.com/onevcat/Kingfisher.git";
			requirement = {
				kind = upToNextMajorVersion;
				minimumVersion = 7.12.0;
			};
		};
		7CAD32732C1D52F300E9B2A6 /* XCRemoteSwiftPackageReference "firebase-ios-sdk" */ = {
			isa = XCRemoteSwiftPackageReference;
			repositoryURL = "https://github.com/firebase/firebase-ios-sdk";
			requirement = {
				kind = upToNextMajorVersion;
				minimumVersion = 10.27.0;
			};
		};
/* End XCRemoteSwiftPackageReference section */

/* Begin XCSwiftPackageProductDependency section */
		7C32A62C2C2093F400283093 /* Kingfisher */ = {
			isa = XCSwiftPackageProductDependency;
			package = 7C32A62B2C2093F400283093 /* XCRemoteSwiftPackageReference "Kingfisher" */;
			productName = Kingfisher;
		};
		7CAD32742C1D52F300E9B2A6 /* FirebaseAnalytics */ = {
			isa = XCSwiftPackageProductDependency;
			package = 7CAD32732C1D52F300E9B2A6 /* XCRemoteSwiftPackageReference "firebase-ios-sdk" */;
			productName = FirebaseAnalytics;
		};
		7CAD32762C1D52F300E9B2A6 /* FirebaseAnalyticsOnDeviceConversion */ = {
			isa = XCSwiftPackageProductDependency;
			package = 7CAD32732C1D52F300E9B2A6 /* XCRemoteSwiftPackageReference "firebase-ios-sdk" */;
			productName = FirebaseAnalyticsOnDeviceConversion;
		};
		7CAD32782C1D52F300E9B2A6 /* FirebaseAnalyticsSwift */ = {
			isa = XCSwiftPackageProductDependency;
			package = 7CAD32732C1D52F300E9B2A6 /* XCRemoteSwiftPackageReference "firebase-ios-sdk" */;
			productName = FirebaseAnalyticsSwift;
		};
		7CAD327A2C1D52F300E9B2A6 /* FirebaseAnalyticsWithoutAdIdSupport */ = {
			isa = XCSwiftPackageProductDependency;
			package = 7CAD32732C1D52F300E9B2A6 /* XCRemoteSwiftPackageReference "firebase-ios-sdk" */;
			productName = FirebaseAnalyticsWithoutAdIdSupport;
		};
		7CAD327C2C1D52F300E9B2A6 /* FirebaseAppCheck */ = {
			isa = XCSwiftPackageProductDependency;
			package = 7CAD32732C1D52F300E9B2A6 /* XCRemoteSwiftPackageReference "firebase-ios-sdk" */;
			productName = FirebaseAppCheck;
		};
		7CAD327E2C1D52F300E9B2A6 /* FirebaseAppDistribution-Beta */ = {
			isa = XCSwiftPackageProductDependency;
			package = 7CAD32732C1D52F300E9B2A6 /* XCRemoteSwiftPackageReference "firebase-ios-sdk" */;
			productName = "FirebaseAppDistribution-Beta";
		};
		7CAD32802C1D52F300E9B2A6 /* FirebaseAuth */ = {
			isa = XCSwiftPackageProductDependency;
			package = 7CAD32732C1D52F300E9B2A6 /* XCRemoteSwiftPackageReference "firebase-ios-sdk" */;
			productName = FirebaseAuth;
		};
		7CAD32822C1D52F300E9B2A6 /* FirebaseAuthCombine-Community */ = {
			isa = XCSwiftPackageProductDependency;
			package = 7CAD32732C1D52F300E9B2A6 /* XCRemoteSwiftPackageReference "firebase-ios-sdk" */;
			productName = "FirebaseAuthCombine-Community";
		};
		7CAD32842C1D52F300E9B2A6 /* FirebaseCrashlytics */ = {
			isa = XCSwiftPackageProductDependency;
			package = 7CAD32732C1D52F300E9B2A6 /* XCRemoteSwiftPackageReference "firebase-ios-sdk" */;
			productName = FirebaseCrashlytics;
		};
		7CAD32862C1D52F300E9B2A6 /* FirebaseDatabase */ = {
			isa = XCSwiftPackageProductDependency;
			package = 7CAD32732C1D52F300E9B2A6 /* XCRemoteSwiftPackageReference "firebase-ios-sdk" */;
			productName = FirebaseDatabase;
		};
		7CAD32882C1D52F300E9B2A6 /* FirebaseDatabaseSwift */ = {
			isa = XCSwiftPackageProductDependency;
			package = 7CAD32732C1D52F300E9B2A6 /* XCRemoteSwiftPackageReference "firebase-ios-sdk" */;
			productName = FirebaseDatabaseSwift;
		};
		7CAD328A2C1D52F300E9B2A6 /* FirebaseDynamicLinks */ = {
			isa = XCSwiftPackageProductDependency;
			package = 7CAD32732C1D52F300E9B2A6 /* XCRemoteSwiftPackageReference "firebase-ios-sdk" */;
			productName = FirebaseDynamicLinks;
		};
		7CAD328C2C1D52F300E9B2A6 /* FirebaseFirestore */ = {
			isa = XCSwiftPackageProductDependency;
			package = 7CAD32732C1D52F300E9B2A6 /* XCRemoteSwiftPackageReference "firebase-ios-sdk" */;
			productName = FirebaseFirestore;
		};
		7CAD328E2C1D52F300E9B2A6 /* FirebaseFirestoreCombine-Community */ = {
			isa = XCSwiftPackageProductDependency;
			package = 7CAD32732C1D52F300E9B2A6 /* XCRemoteSwiftPackageReference "firebase-ios-sdk" */;
			productName = "FirebaseFirestoreCombine-Community";
		};
		7CAD32902C1D52F300E9B2A6 /* FirebaseFirestoreSwift */ = {
			isa = XCSwiftPackageProductDependency;
			package = 7CAD32732C1D52F300E9B2A6 /* XCRemoteSwiftPackageReference "firebase-ios-sdk" */;
			productName = FirebaseFirestoreSwift;
		};
		7CAD32922C1D52F300E9B2A6 /* FirebaseFunctions */ = {
			isa = XCSwiftPackageProductDependency;
			package = 7CAD32732C1D52F300E9B2A6 /* XCRemoteSwiftPackageReference "firebase-ios-sdk" */;
			productName = FirebaseFunctions;
		};
		7CAD32942C1D52F300E9B2A6 /* FirebaseFunctionsCombine-Community */ = {
			isa = XCSwiftPackageProductDependency;
			package = 7CAD32732C1D52F300E9B2A6 /* XCRemoteSwiftPackageReference "firebase-ios-sdk" */;
			productName = "FirebaseFunctionsCombine-Community";
		};
		7CAD32962C1D52F300E9B2A6 /* FirebaseInAppMessaging-Beta */ = {
			isa = XCSwiftPackageProductDependency;
			package = 7CAD32732C1D52F300E9B2A6 /* XCRemoteSwiftPackageReference "firebase-ios-sdk" */;
			productName = "FirebaseInAppMessaging-Beta";
		};
		7CAD32982C1D52F300E9B2A6 /* FirebaseInAppMessagingSwift-Beta */ = {
			isa = XCSwiftPackageProductDependency;
			package = 7CAD32732C1D52F300E9B2A6 /* XCRemoteSwiftPackageReference "firebase-ios-sdk" */;
			productName = "FirebaseInAppMessagingSwift-Beta";
		};
		7CAD329A2C1D52F300E9B2A6 /* FirebaseInstallations */ = {
			isa = XCSwiftPackageProductDependency;
			package = 7CAD32732C1D52F300E9B2A6 /* XCRemoteSwiftPackageReference "firebase-ios-sdk" */;
			productName = FirebaseInstallations;
		};
		7CAD329C2C1D52F300E9B2A6 /* FirebaseMLModelDownloader */ = {
			isa = XCSwiftPackageProductDependency;
			package = 7CAD32732C1D52F300E9B2A6 /* XCRemoteSwiftPackageReference "firebase-ios-sdk" */;
			productName = FirebaseMLModelDownloader;
		};
		7CAD329E2C1D52F300E9B2A6 /* FirebaseMessaging */ = {
			isa = XCSwiftPackageProductDependency;
			package = 7CAD32732C1D52F300E9B2A6 /* XCRemoteSwiftPackageReference "firebase-ios-sdk" */;
			productName = FirebaseMessaging;
		};
		7CAD32A02C1D52F300E9B2A6 /* FirebasePerformance */ = {
			isa = XCSwiftPackageProductDependency;
			package = 7CAD32732C1D52F300E9B2A6 /* XCRemoteSwiftPackageReference "firebase-ios-sdk" */;
			productName = FirebasePerformance;
		};
		7CAD32A22C1D52F300E9B2A6 /* FirebaseRemoteConfig */ = {
			isa = XCSwiftPackageProductDependency;
			package = 7CAD32732C1D52F300E9B2A6 /* XCRemoteSwiftPackageReference "firebase-ios-sdk" */;
			productName = FirebaseRemoteConfig;
		};
		7CAD32A42C1D52F300E9B2A6 /* FirebaseRemoteConfigSwift */ = {
			isa = XCSwiftPackageProductDependency;
			package = 7CAD32732C1D52F300E9B2A6 /* XCRemoteSwiftPackageReference "firebase-ios-sdk" */;
			productName = FirebaseRemoteConfigSwift;
		};
		7CAD32A62C1D52F300E9B2A6 /* FirebaseStorage */ = {
			isa = XCSwiftPackageProductDependency;
			package = 7CAD32732C1D52F300E9B2A6 /* XCRemoteSwiftPackageReference "firebase-ios-sdk" */;
			productName = FirebaseStorage;
		};
		7CAD32A82C1D52F300E9B2A6 /* FirebaseStorageCombine-Community */ = {
			isa = XCSwiftPackageProductDependency;
			package = 7CAD32732C1D52F300E9B2A6 /* XCRemoteSwiftPackageReference "firebase-ios-sdk" */;
			productName = "FirebaseStorageCombine-Community";
		};
		7CAD32AA2C1D52F300E9B2A6 /* FirebaseVertexAI-Preview */ = {
			isa = XCSwiftPackageProductDependency;
			package = 7CAD32732C1D52F300E9B2A6 /* XCRemoteSwiftPackageReference "firebase-ios-sdk" */;
			productName = "FirebaseVertexAI-Preview";
		};
/* End XCSwiftPackageProductDependency section */
	};
	rootObject = 7CAD32262C1B65FF00E9B2A6 /* Project object */;
}
